
Microsoft Visual Studio Solution File, Format Version 12.00
# Visual Studio Version 16
VisualStudioVersion = 16.0.29123.88
MinimumVisualStudioVersion = 10.0.40219.1
Project("{FAE04EC0-301F-11D3-BF4B-00C04F79EFBC}") = "DigiturkCaseApp", "DigiturkCaseApp\DigiturkCaseApp.csproj", "{A74DA2C8-59B9-44FC-93A1-C22D273EBBD7}"
EndProject
Global
	GlobalSection(SolutionConfigurationPlatforms) = preSolution
		Debug|Any CPU = Debug|Any CPU
		Release|Any CPU = Release|Any CPU
	EndGlobalSection
	GlobalSection(ProjectConfigurationPlatforms) = postSolution
		{A74DA2C8-59B9-44FC-93A1-C22D273EBBD7}.Debug|Any CPU.ActiveCfg = Debug|Any CPU
		{A74DA2C8-59B9-44FC-93A1-C22D273EBBD7}.Debug|Any CPU.Build.0 = Debug|Any CPU
		{A74DA2C8-59B9-44FC-93A1-C22D273EBBD7}.Release|Any CPU.ActiveCfg = Release|Any CPU
		{A74DA2C8-59B9-44FC-93A1-C22D273EBBD7}.Release|Any CPU.Build.0 = Release|Any CPU
	EndGlobalSection
	GlobalSection(SolutionProperties) = preSolution
		HideSolutionNode = FALSE
	EndGlobalSection
	GlobalSection(ExtensibilityGlobals) = postSolution
		SolutionGuid = {A757CE59-6493-41D3-8FF2-7BC4F038FD22}
	EndGlobalSection
EndGlobal
